
Microsoft Visual Studio Solution File, Format Version 12.00
# Visual Studio Version 17
VisualStudioVersion = 17.5.002.0
MinimumVisualStudioVersion = 10.0.40219.1
Project("{9A19103F-16F7-4668-BE54-9A1E7A4F7556}") = "smpatients", "smpatients.csproj", "{F76B9909-16CE-4BAB-985B-1F8E5E65E1F8}"
EndProject
Global
	GlobalSection(SolutionConfigurationPlatforms) = preSolution
		Debug|Any CPU = Debug|Any CPU
		Release|Any CPU = Release|Any CPU
	EndGlobalSection
	GlobalSection(ProjectConfigurationPlatforms) = postSolution
		{F76B9909-16CE-4BAB-985B-1F8E5E65E1F8}.Debug|Any CPU.ActiveCfg = Debug|Any CPU
		{F76B9909-16CE-4BAB-985B-1F8E5E65E1F8}.Debug|Any CPU.Build.0 = Debug|Any CPU
		{F76B9909-16CE-4BAB-985B-1F8E5E65E1F8}.Release|Any CPU.ActiveCfg = Release|Any CPU
		{F76B9909-16CE-4BAB-985B-1F8E5E65E1F8}.Release|Any CPU.Build.0 = Release|Any CPU
	EndGlobalSection
	GlobalSection(SolutionProperties) = preSolution
		HideSolutionNode = FALSE
	EndGlobalSection
	GlobalSection(ExtensibilityGlobals) = postSolution
		SolutionGuid = {4C8D2D3F-13FF-4727-A392-716C6452B55D}
	EndGlobalSection
EndGlobal
